
Microsoft Visual Studio Solution File, Format Version 12.00
# Visual Studio Version 16
VisualStudioVersion = 16.0.31112.23
MinimumVisualStudioVersion = 10.0.40219.1
Project("{FAE04EC0-301F-11D3-BF4B-00C04F79EFBC}") = "TMDT", "TMDT\TMDT.csproj", "{1F2D4FF4-D8B5-4EB4-9582-07C0E7B7EFC7}"
EndProject
Global
	GlobalSection(SolutionConfigurationPlatforms) = preSolution
		Debug|Any CPU = Debug|Any CPU
		Release|Any CPU = Release|Any CPU
	EndGlobalSection
	GlobalSection(ProjectConfigurationPlatforms) = postSolution
		{1F2D4FF4-D8B5-4EB4-9582-07C0E7B7EFC7}.Debug|Any CPU.ActiveCfg = Debug|Any CPU
		{1F2D4FF4-D8B5-4EB4-9582-07C0E7B7EFC7}.Debug|Any CPU.Build.0 = Debug|Any CPU
		{1F2D4FF4-D8B5-4EB4-9582-07C0E7B7EFC7}.Release|Any CPU.ActiveCfg = Release|Any CPU
		{1F2D4FF4-D8B5-4EB4-9582-07C0E7B7EFC7}.Release|Any CPU.Build.0 = Release|Any CPU
	EndGlobalSection
	GlobalSection(SolutionProperties) = preSolution
		HideSolutionNode = FALSE
	EndGlobalSection
	GlobalSection(ExtensibilityGlobals) = postSolution
		SolutionGuid = {334D7628-A295-4E14-9036-A8E5AE3C0C5F}
	EndGlobalSection
EndGlobal
